
Microsoft Visual Studio Solution File, Format Version 12.00
# Visual Studio Version 17
VisualStudioVersion = 17.9.34622.214
MinimumVisualStudioVersion = 10.0.40219.1
Project("{FAE04EC0-301F-11D3-BF4B-00C04F79EFBC}") = "TallerPOO1", "TallerPOO1\TallerPOO1.csproj", "{7A8687AB-ADE1-4F27-A2C2-B60EFDAE42F4}"
EndProject
Global
	GlobalSection(SolutionConfigurationPlatforms) = preSolution
		Debug|Any CPU = Debug|Any CPU
		Release|Any CPU = Release|Any CPU
	EndGlobalSection
	GlobalSection(ProjectConfigurationPlatforms) = postSolution
		{7A8687AB-ADE1-4F27-A2C2-B60EFDAE42F4}.Debug|Any CPU.ActiveCfg = Debug|Any CPU
		{7A8687AB-ADE1-4F27-A2C2-B60EFDAE42F4}.Debug|Any CPU.Build.0 = Debug|Any CPU
		{7A8687AB-ADE1-4F27-A2C2-B60EFDAE42F4}.Release|Any CPU.ActiveCfg = Release|Any CPU
		{7A8687AB-ADE1-4F27-A2C2-B60EFDAE42F4}.Release|Any CPU.Build.0 = Release|Any CPU
	EndGlobalSection
	GlobalSection(SolutionProperties) = preSolution
		HideSolutionNode = FALSE
	EndGlobalSection
	GlobalSection(ExtensibilityGlobals) = postSolution
		SolutionGuid = {90FB6153-F8C3-4D4D-A6D7-05B621DBBC94}
	EndGlobalSection
EndGlobal
